// !$*UTF8*$!
{
	archiveVersion = 1;
	classes = {
	};
	objectVersion = 50;
	objects = {

/* Begin PBXBuildFile section */
		D11CF07825CD766800AFA232 /* FriendViewController.swift in Sources */ = {isa = PBXBuildFile; fileRef = D11CF07725CD766800AFA232 /* FriendViewController.swift */; };
		D11CF07B25CD7C5500AFA232 /* TextTableViewCell.swift in Sources */ = {isa = PBXBuildFile; fileRef = D11CF07A25CD7C5500AFA232 /* TextTableViewCell.swift */; };
		D11CF08625D0A14900AFA232 /* Int-TimeFormatting.swift in Sources */ = {isa = PBXBuildFile; fileRef = D11CF08525D0A14900AFA232 /* Int-TimeFormatting.swift */; };
		D1428A2E25D2FE25006B4BCD /* Coordinator.swift in Sources */ = {isa = PBXBuildFile; fileRef = D1428A2D25D2FE25006B4BCD /* Coordinator.swift */; };
		D1428A3425D2FED8006B4BCD /* MainCoordinator.swift in Sources */ = {isa = PBXBuildFile; fileRef = D1428A3325D2FED8006B4BCD /* MainCoordinator.swift */; };
		D1428A3825D2FFDC006B4BCD /* Storyboarded.swift in Sources */ = {isa = PBXBuildFile; fileRef = D1428A3725D2FFDC006B4BCD /* Storyboarded.swift */; };
		D1428A4425D49B7A006B4BCD /* Constraints.swift in Sources */ = {isa = PBXBuildFile; fileRef = D1428A4325D49B7A006B4BCD /* Constraints.swift */; };
		D151ED7C25CCB524005624D1 /* AppDelegate.swift in Sources */ = {isa = PBXBuildFile; fileRef = D151ED7B25CCB524005624D1 /* AppDelegate.swift */; };
		D151ED7E25CCB524005624D1 /* SceneDelegate.swift in Sources */ = {isa = PBXBuildFile; fileRef = D151ED7D25CCB524005624D1 /* SceneDelegate.swift */; };
		D151ED8025CCB524005624D1 /* ViewController.swift in Sources */ = {isa = PBXBuildFile; fileRef = D151ED7F25CCB524005624D1 /* ViewController.swift */; };
		D151ED8325CCB524005624D1 /* Main.storyboard in Resources */ = {isa = PBXBuildFile; fileRef = D151ED8125CCB524005624D1 /* Main.storyboard */; };
		D151ED8525CCB527005624D1 /* Assets.xcassets in Resources */ = {isa = PBXBuildFile; fileRef = D151ED8425CCB527005624D1 /* Assets.xcassets */; };
		D151ED8825CCB527005624D1 /* LaunchScreen.storyboard in Resources */ = {isa = PBXBuildFile; fileRef = D151ED8625CCB527005624D1 /* LaunchScreen.storyboard */; };
		D151ED9125CCBD58005624D1 /* Friend.swift in Sources */ = {isa = PBXBuildFile; fileRef = D151ED9025CCBD58005624D1 /* Friend.swift */; };
/* End PBXBuildFile section */

/* Begin PBXFileReference section */
		D11CF07725CD766800AFA232 /* FriendViewController.swift */ = {isa = PBXFileReference; lastKnownFileType = sourcecode.swift; path = FriendViewController.swift; sourceTree = "<group>"; };
		D11CF07A25CD7C5500AFA232 /* TextTableViewCell.swift */ = {isa = PBXFileReference; lastKnownFileType = sourcecode.swift; path = TextTableViewCell.swift; sourceTree = "<group>"; };
		D11CF08525D0A14900AFA232 /* Int-TimeFormatting.swift */ = {isa = PBXFileReference; lastKnownFileType = sourcecode.swift; path = "Int-TimeFormatting.swift"; sourceTree = "<group>"; };
		D1428A2D25D2FE25006B4BCD /* Coordinator.swift */ = {isa = PBXFileReference; lastKnownFileType = sourcecode.swift; path = Coordinator.swift; sourceTree = "<group>"; };
		D1428A3325D2FED8006B4BCD /* MainCoordinator.swift */ = {isa = PBXFileReference; lastKnownFileType = sourcecode.swift; path = MainCoordinator.swift; sourceTree = "<group>"; };
		D1428A3725D2FFDC006B4BCD /* Storyboarded.swift */ = {isa = PBXFileReference; lastKnownFileType = sourcecode.swift; path = Storyboarded.swift; sourceTree = "<group>"; };
		D1428A4325D49B7A006B4BCD /* Constraints.swift */ = {isa = PBXFileReference; lastKnownFileType = sourcecode.swift; path = Constraints.swift; sourceTree = "<group>"; };
		D151ED7825CCB524005624D1 /* TimezonesOfFriends-Coordinator.app */ = {isa = PBXFileReference; explicitFileType = wrapper.application; includeInIndex = 0; path = "TimezonesOfFriends-Coordinator.app"; sourceTree = BUILT_PRODUCTS_DIR; };
		D151ED7B25CCB524005624D1 /* AppDelegate.swift */ = {isa = PBXFileReference; lastKnownFileType = sourcecode.swift; path = AppDelegate.swift; sourceTree = "<group>"; };
		D151ED7D25CCB524005624D1 /* SceneDelegate.swift */ = {isa = PBXFileReference; lastKnownFileType = sourcecode.swift; path = SceneDelegate.swift; sourceTree = "<group>"; };
		D151ED7F25CCB524005624D1 /* ViewController.swift */ = {isa = PBXFileReference; lastKnownFileType = sourcecode.swift; path = ViewController.swift; sourceTree = "<group>"; };
		D151ED8225CCB524005624D1 /* Base */ = {isa = PBXFileReference; lastKnownFileType = file.storyboard; name = Base; path = Base.lproj/Main.storyboard; sourceTree = "<group>"; };
		D151ED8425CCB527005624D1 /* Assets.xcassets */ = {isa = PBXFileReference; lastKnownFileType = folder.assetcatalog; path = Assets.xcassets; sourceTree = "<group>"; };
		D151ED8725CCB527005624D1 /* Base */ = {isa = PBXFileReference; lastKnownFileType = file.storyboard; name = Base; path = Base.lproj/LaunchScreen.storyboard; sourceTree = "<group>"; };
		D151ED8925CCB527005624D1 /* Info.plist */ = {isa = PBXFileReference; lastKnownFileType = text.plist.xml; path = Info.plist; sourceTree = "<group>"; };
		D151ED9025CCBD58005624D1 /* Friend.swift */ = {isa = PBXFileReference; lastKnownFileType = sourcecode.swift; path = Friend.swift; sourceTree = "<group>"; };
/* End PBXFileReference section */

/* Begin PBXFrameworksBuildPhase section */
		D151ED7525CCB524005624D1 /* Frameworks */ = {
			isa = PBXFrameworksBuildPhase;
			buildActionMask = 2147483647;
			files = (
			);
			runOnlyForDeploymentPostprocessing = 0;
		};
/* End PBXFrameworksBuildPhase section */

/* Begin PBXGroup section */
		D11CF07225CD6D2900AFA232 /* Model */ = {
			isa = PBXGroup;
			children = (
				D151ED9025CCBD58005624D1 /* Friend.swift */,
			);
			path = Model;
			sourceTree = "<group>";
		};
		D11CF07425CD6D3F00AFA232 /* Controller */ = {
			isa = PBXGroup;
			children = (
				D151ED7F25CCB524005624D1 /* ViewController.swift */,
				D11CF07725CD766800AFA232 /* FriendViewController.swift */,
			);
			path = Controller;
			sourceTree = "<group>";
		};
		D11CF07E25CD7C6700AFA232 /* View */ = {
			isa = PBXGroup;
			children = (
				D11CF07A25CD7C5500AFA232 /* TextTableViewCell.swift */,
			);
			path = View;
			sourceTree = "<group>";
		};
		D11CF08825D0A14E00AFA232 /* Extension */ = {
			isa = PBXGroup;
			children = (
				D11CF08525D0A14900AFA232 /* Int-TimeFormatting.swift */,
				D1428A3725D2FFDC006B4BCD /* Storyboarded.swift */,
				D1428A4325D49B7A006B4BCD /* Constraints.swift */,
			);
			path = Extension;
			sourceTree = "<group>";
		};
		D1428A3125D2FE30006B4BCD /* Coordinator */ = {
			isa = PBXGroup;
			children = (
				D1428A2D25D2FE25006B4BCD /* Coordinator.swift */,
				D1428A3325D2FED8006B4BCD /* MainCoordinator.swift */,
			);
			path = Coordinator;
			sourceTree = "<group>";
		};
		D151ED6F25CCB524005624D1 = {
			isa = PBXGroup;
			children = (
				D151ED7A25CCB524005624D1 /* TimezonesOfFriends-Coordinator */,
				D151ED7925CCB524005624D1 /* Products */,
			);
			sourceTree = "<group>";
		};
		D151ED7925CCB524005624D1 /* Products */ = {
			isa = PBXGroup;
			children = (
				D151ED7825CCB524005624D1 /* TimezonesOfFriends-Coordinator.app */,
			);
			name = Products;
			sourceTree = "<group>";
		};
		D151ED7A25CCB524005624D1 /* TimezonesOfFriends-Coordinator */ = {
			isa = PBXGroup;
			children = (
				D151ED7B25CCB524005624D1 /* AppDelegate.swift */,
				D151ED7D25CCB524005624D1 /* SceneDelegate.swift */,
				D11CF07225CD6D2900AFA232 /* Model */,
				D11CF07E25CD7C6700AFA232 /* View */,
				D11CF07425CD6D3F00AFA232 /* Controller */,
				D1428A3125D2FE30006B4BCD /* Coordinator */,
				D11CF08825D0A14E00AFA232 /* Extension */,
				D151ED8125CCB524005624D1 /* Main.storyboard */,
				D151ED8425CCB527005624D1 /* Assets.xcassets */,
				D151ED8625CCB527005624D1 /* LaunchScreen.storyboard */,
				D151ED8925CCB527005624D1 /* Info.plist */,
			);
			path = "TimezonesOfFriends-Coordinator";
			sourceTree = "<group>";
		};
/* End PBXGroup section */

/* Begin PBXNativeTarget section */
		D151ED7725CCB524005624D1 /* TimezonesOfFriends-Coordinator */ = {
			isa = PBXNativeTarget;
			buildConfigurationList = D151ED8C25CCB527005624D1 /* Build configuration list for PBXNativeTarget "TimezonesOfFriends-Coordinator" */;
			buildPhases = (
				D151ED7425CCB524005624D1 /* Sources */,
				D151ED7525CCB524005624D1 /* Frameworks */,
				D151ED7625CCB524005624D1 /* Resources */,
			);
			buildRules = (
			);
			dependencies = (
			);
			name = "TimezonesOfFriends-Coordinator";
			productName = "TimezonesOfFriends-Coordinator";
			productReference = D151ED7825CCB524005624D1 /* TimezonesOfFriends-Coordinator.app */;
			productType = "com.apple.product-type.application";
		};
/* End PBXNativeTarget section */

/* Begin PBXProject section */
		D151ED7025CCB524005624D1 /* Project object */ = {
			isa = PBXProject;
			attributes = {
				LastSwiftUpdateCheck = 1240;
				LastUpgradeCheck = 1240;
				TargetAttributes = {
					D151ED7725CCB524005624D1 = {
						CreatedOnToolsVersion = 12.4;
					};
				};
			};
			buildConfigurationList = D151ED7325CCB524005624D1 /* Build configuration list for PBXProject "TimezonesOfFriends-Coordinator" */;
			compatibilityVersion = "Xcode 9.3";
			developmentRegion = en;
			hasScannedForEncodings = 0;
			knownRegions = (
				en,
				Base,
			);
			mainGroup = D151ED6F25CCB524005624D1;
			productRefGroup = D151ED7925CCB524005624D1 /* Products */;
			projectDirPath = "";
			projectRoot = "";
			targets = (
				D151ED7725CCB524005624D1 /* TimezonesOfFriends-Coordinator */,
			);
		};
/* End PBXProject section */

/* Begin PBXResourcesBuildPhase section */
		D151ED7625CCB524005624D1 /* Resources */ = {
			isa = PBXResourcesBuildPhase;
			buildActionMask = 2147483647;
			files = (
				D151ED8825CCB527005624D1 /* LaunchScreen.storyboard in Resources */,
				D151ED8525CCB527005624D1 /* Assets.xcassets in Resources */,
				D151ED8325CCB524005624D1 /* Main.storyboard in Resources */,
			);
			runOnlyForDeploymentPostprocessing = 0;
		};
/* End PBXResourcesBuildPhase section */

/* Begin PBXSourcesBuildPhase section */
		D151ED7425CCB524005624D1 /* Sources */ = {
			isa = PBXSourcesBuildPhase;
			buildActionMask = 2147483647;
			files = (
				D1428A2E25D2FE25006B4BCD /* Coordinator.swift in Sources */,
				D11CF07B25CD7C5500AFA232 /* TextTableViewCell.swift in Sources */,
				D151ED8025CCB524005624D1 /* ViewController.swift in Sources */,
				D151ED7C25CCB524005624D1 /* AppDelegate.swift in Sources */,
				D1428A4425D49B7A006B4BCD /* Constraints.swift in Sources */,
				D151ED7E25CCB524005624D1 /* SceneDelegate.swift in Sources */,
				D151ED9125CCBD58005624D1 /* Friend.swift in Sources */,
				D11CF07825CD766800AFA232 /* FriendViewController.swift in Sources */,
				D1428A3825D2FFDC006B4BCD /* Storyboarded.swift in Sources */,
				D1428A3425D2FED8006B4BCD /* MainCoordinator.swift in Sources */,
				D11CF08625D0A14900AFA232 /* Int-TimeFormatting.swift in Sources */,
			);
			runOnlyForDeploymentPostprocessing = 0;
		};
/* End PBXSourcesBuildPhase section */

/* Begin PBXVariantGroup section */
		D151ED8125CCB524005624D1 /* Main.storyboard */ = {
			isa = PBXVariantGroup;
			children = (
				D151ED8225CCB524005624D1 /* Base */,
			);
			name = Main.storyboard;
			sourceTree = "<group>";
		};
		D151ED8625CCB527005624D1 /* LaunchScreen.storyboard */ = {
			isa = PBXVariantGroup;
			children = (
				D151ED8725CCB527005624D1 /* Base */,
			);
			name = LaunchScreen.storyboard;
			sourceTree = "<group>";
		};
/* End PBXVariantGroup section */

/* Begin XCBuildConfiguration section */
		D151ED8A25CCB527005624D1 /* Debug */ = {
			isa = XCBuildConfiguration;
			buildSettings = {
				ALWAYS_SEARCH_USER_PATHS = NO;
				CLANG_ANALYZER_NONNULL = YES;
				CLANG_ANALYZER_NUMBER_OBJECT_CONVERSION = YES_AGGRESSIVE;
				CLANG_CXX_LANGUAGE_STANDARD = "gnu++14";
				CLANG_CXX_LIBRARY = "libc++";
				CLANG_ENABLE_MODULES = YES;
				CLANG_ENABLE_OBJC_ARC = YES;
				CLANG_ENABLE_OBJC_WEAK = YES;
				CLANG_WARN_BLOCK_CAPTURE_AUTORELEASING = YES;
				CLANG_WARN_BOOL_CONVERSION = YES;
				CLANG_WARN_COMMA = YES;
				CLANG_WARN_CONSTANT_CONVERSION = YES;
				CLANG_WARN_DEPRECATED_OBJC_IMPLEMENTATIONS = YES;
				CLANG_WARN_DIRECT_OBJC_ISA_USAGE = YES_ERROR;
				CLANG_WARN_DOCUMENTATION_COMMENTS = YES;
				CLANG_WARN_EMPTY_BODY = YES;
				CLANG_WARN_ENUM_CONVERSION = YES;
				CLANG_WARN_INFINITE_RECURSION = YES;
				CLANG_WARN_INT_CONVERSION = YES;
				CLANG_WARN_NON_LITERAL_NULL_CONVERSION = YES;
				CLANG_WARN_OBJC_IMPLICIT_RETAIN_SELF = YES;
				CLANG_WARN_OBJC_LITERAL_CONVERSION = YES;
				CLANG_WARN_OBJC_ROOT_CLASS = YES_ERROR;
				CLANG_WARN_QUOTED_INCLUDE_IN_FRAMEWORK_HEADER = YES;
				CLANG_WARN_RANGE_LOOP_ANALYSIS = YES;
				CLANG_WARN_STRICT_PROTOTYPES = YES;
				CLANG_WARN_SUSPICIOUS_MOVE = YES;
				CLANG_WARN_UNGUARDED_AVAILABILITY = YES_AGGRESSIVE;
				CLANG_WARN_UNREACHABLE_CODE = YES;
				CLANG_WARN__DUPLICATE_METHOD_MATCH = YES;
				COPY_PHASE_STRIP = NO;
				DEBUG_INFORMATION_FORMAT = dwarf;
				ENABLE_STRICT_OBJC_MSGSEND = YES;
				ENABLE_TESTABILITY = YES;
				GCC_C_LANGUAGE_STANDARD = gnu11;
				GCC_DYNAMIC_NO_PIC = NO;
				GCC_NO_COMMON_BLOCKS = YES;
				GCC_OPTIMIZATION_LEVEL = 0;
				GCC_PREPROCESSOR_DEFINITIONS = (
					"DEBUG=1",
					"$(inherited)",
				);
				GCC_WARN_64_TO_32_BIT_CONVERSION = YES;
				GCC_WARN_ABOUT_RETURN_TYPE = YES_ERROR;
				GCC_WARN_UNDECLARED_SELECTOR = YES;
				GCC_WARN_UNINITIALIZED_AUTOS = YES_AGGRESSIVE;
				GCC_WARN_UNUSED_FUNCTION = YES;
				GCC_WARN_UNUSED_VARIABLE = YES;
				IPHONEOS_DEPLOYMENT_TARGET = 14.4;
				MTL_ENABLE_DEBUG_INFO = INCLUDE_SOURCE;
				MTL_FAST_MATH = YES;
				ONLY_ACTIVE_ARCH = YES;
				SDKROOT = iphoneos;
				SWIFT_ACTIVE_COMPILATION_CONDITIONS = DEBUG;
				SWIFT_OPTIMIZATION_LEVEL = "-Onone";
			};
			name = Debug;
		};
		D151ED8B25CCB527005624D1 /* Release */ = {
			isa = XCBuildConfiguration;
			buildSettings = {
				ALWAYS_SEARCH_USER_PATHS = NO;
				CLANG_ANALYZER_NONNULL = YES;
				CLANG_ANALYZER_NUMBER_OBJECT_CONVERSION = YES_AGGRESSIVE;
				CLANG_CXX_LANGUAGE_STANDARD = "gnu++14";
				CLANG_CXX_LIBRARY = "libc++";
				CLANG_ENABLE_MODULES = YES;
				CLANG_ENABLE_OBJC_ARC = YES;
				CLANG_ENABLE_OBJC_WEAK = YES;
				CLANG_WARN_BLOCK_CAPTURE_AUTORELEASING = YES;
				CLANG_WARN_BOOL_CONVERSION = YES;
				CLANG_WARN_COMMA = YES;
				CLANG_WARN_CONSTANT_CONVERSION = YES;
				CLANG_WARN_DEPRECATED_OBJC_IMPLEMENTATIONS = YES;
				CLANG_WARN_DIRECT_OBJC_ISA_USAGE = YES_ERROR;
				CLANG_WARN_DOCUMENTATION_COMMENTS = YES;
				CLANG_WARN_EMPTY_BODY = YES;
				CLANG_WARN_ENUM_CONVERSION = YES;
				CLANG_WARN_INFINITE_RECURSION = YES;
				CLANG_WARN_INT_CONVERSION = YES;
				CLANG_WARN_NON_LITERAL_NULL_CONVERSION = YES;
				CLANG_WARN_OBJC_IMPLICIT_RETAIN_SELF = YES;
				CLANG_WARN_OBJC_LITERAL_CONVERSION = YES;
				CLANG_WARN_OBJC_ROOT_CLASS = YES_ERROR;
				CLANG_WARN_QUOTED_INCLUDE_IN_FRAMEWORK_HEADER = YES;
				CLANG_WARN_RANGE_LOOP_ANALYSIS = YES;
				CLANG_WARN_STRICT_PROTOTYPES = YES;
				CLANG_WARN_SUSPICIOUS_MOVE = YES;
				CLANG_WARN_UNGUARDED_AVAILABILITY = YES_AGGRESSIVE;
				CLANG_WARN_UNREACHABLE_CODE = YES;
				CLANG_WARN__DUPLICATE_METHOD_MATCH = YES;
				COPY_PHASE_STRIP = NO;
				DEBUG_INFORMATION_FORMAT = "dwarf-with-dsym";
				ENABLE_NS_ASSERTIONS = NO;
				ENABLE_STRICT_OBJC_MSGSEND = YES;
				GCC_C_LANGUAGE_STANDARD = gnu11;
				GCC_NO_COMMON_BLOCKS = YES;
				GCC_WARN_64_TO_32_BIT_CONVERSION = YES;
				GCC_WARN_ABOUT_RETURN_TYPE = YES_ERROR;
				GCC_WARN_UNDECLARED_SELECTOR = YES;
				GCC_WARN_UNINITIALIZED_AUTOS = YES_AGGRESSIVE;
				GCC_WARN_UNUSED_FUNCTION = YES;
				GCC_WARN_UNUSED_VARIABLE = YES;
				IPHONEOS_DEPLOYMENT_TARGET = 14.4;
				MTL_ENABLE_DEBUG_INFO = NO;
				MTL_FAST_MATH = YES;
				SDKROOT = iphoneos;
				SWIFT_COMPILATION_MODE = wholemodule;
				SWIFT_OPTIMIZATION_LEVEL = "-O";
				VALIDATE_PRODUCT = YES;
			};
			name = Release;
		};
		D151ED8D25CCB527005624D1 /* Debug */ = {
			isa = XCBuildConfiguration;
			buildSettings = {
				ASSETCATALOG_COMPILER_APPICON_NAME = AppIcon;
				ASSETCATALOG_COMPILER_GLOBAL_ACCENT_COLOR_NAME = AccentColor;
				CODE_SIGN_STYLE = Automatic;
				DEVELOPMENT_TEAM = Z56UVR5Q3Z;
				INFOPLIST_FILE = "TimezonesOfFriends-Coordinator/Info.plist";
				LD_RUNPATH_SEARCH_PATHS = (
					"$(inherited)",
					"@executable_path/Frameworks",
				);
				PRODUCT_BUNDLE_IDENTIFIER = "com.justynakowalkowska.TimezonesOfFriends-Coordinator";
				PRODUCT_NAME = "$(TARGET_NAME)";
				SWIFT_VERSION = 5.0;
				TARGETED_DEVICE_FAMILY = "1,2";
			};
			name = Debug;
		};
		D151ED8E25CCB527005624D1 /* Release */ = {
			isa = XCBuildConfiguration;
			buildSettings = {
				ASSETCATALOG_COMPILER_APPICON_NAME = AppIcon;
				ASSETCATALOG_COMPILER_GLOBAL_ACCENT_COLOR_NAME = AccentColor;
				CODE_SIGN_STYLE = Automatic;
				DEVELOPMENT_TEAM = Z56UVR5Q3Z;
				INFOPLIST_FILE = "TimezonesOfFriends-Coordinator/Info.plist";
				LD_RUNPATH_SEARCH_PATHS = (
					"$(inherited)",
					"@executable_path/Frameworks",
				);
				PRODUCT_BUNDLE_IDENTIFIER = "com.justynakowalkowska.TimezonesOfFriends-Coordinator";
				PRODUCT_NAME = "$(TARGET_NAME)";
				SWIFT_VERSION = 5.0;
				TARGETED_DEVICE_FAMILY = "1,2";
			};
			name = Release;
		};
/* End XCBuildConfiguration section */

/* Begin XCConfigurationList section */
		D151ED7325CCB524005624D1 /* Build configuration list for PBXProject "TimezonesOfFriends-Coordinator" */ = {
			isa = XCConfigurationList;
			buildConfigurations = (
				D151ED8A25CCB527005624D1 /* Debug */,
				D151ED8B25CCB527005624D1 /* Release */,
			);
			defaultConfigurationIsVisible = 0;
			defaultConfigurationName = Release;
		};
		D151ED8C25CCB527005624D1 /* Build configuration list for PBXNativeTarget "TimezonesOfFriends-Coordinator" */ = {
			isa = XCConfigurationList;
			buildConfigurations = (
				D151ED8D25CCB527005624D1 /* Debug */,
				D151ED8E25CCB527005624D1 /* Release */,
			);
			defaultConfigurationIsVisible = 0;
			defaultConfigurationName = Release;
		};
/* End XCConfigurationList section */
	};
	rootObject = D151ED7025CCB524005624D1 /* Project object */;
}
